
Microsoft Visual Studio Solution File, Format Version 12.00
# Visual Studio 14
VisualStudioVersion = 14.0.25420.1
MinimumVisualStudioVersion = 10.0.40219.1
Project("{FAE04EC0-301F-11D3-BF4B-00C04F79EFBC}") = "CarouselViewSample", "CarouselViewSample\CarouselViewSample\CarouselViewSample.csproj", "{246441E5-818C-489C-A069-89C59F5207C6}"
EndProject
Project("{FAE04EC0-301F-11D3-BF4B-00C04F79EFBC}") = "CarouselViewSample.Droid", "CarouselViewSample\CarouselViewSample.Droid\CarouselViewSample.Droid.csproj", "{8CD5361D-9669-4F29-9E20-B8823B91C1BE}"
EndProject
Project("{FAE04EC0-301F-11D3-BF4B-00C04F79EFBC}") = "CarouselViewSample.iOS", "CarouselViewSample\CarouselViewSample.iOS\CarouselViewSample.iOS.csproj", "{BE023159-8D64-412A-87E6-9B8897B57516}"
EndProject
Project("{FAE04EC0-301F-11D3-BF4B-00C04F79EFBC}") = "CarouselViewSample.UWP", "CarouselViewSample\CarouselViewSample.UWP\CarouselViewSample.UWP.csproj", "{D40909EB-E84F-4CAD-8667-1ADD69BF50FE}"
EndProject
Global
	GlobalSection(SolutionConfigurationPlatforms) = preSolution
		Ad-Hoc|Any CPU = Ad-Hoc|Any CPU
		Ad-Hoc|ARM = Ad-Hoc|ARM
		Ad-Hoc|iPhone = Ad-Hoc|iPhone
		Ad-Hoc|iPhoneSimulator = Ad-Hoc|iPhoneSimulator
		Ad-Hoc|x64 = Ad-Hoc|x64
		Ad-Hoc|x86 = Ad-Hoc|x86
		AppStore|Any CPU = AppStore|Any CPU
		AppStore|ARM = AppStore|ARM
		AppStore|iPhone = AppStore|iPhone
		AppStore|iPhoneSimulator = AppStore|iPhoneSimulator
		AppStore|x64 = AppStore|x64
		AppStore|x86 = AppStore|x86
		Debug|Any CPU = Debug|Any CPU
		Debug|ARM = Debug|ARM
		Debug|iPhone = Debug|iPhone
		Debug|iPhoneSimulator = Debug|iPhoneSimulator
		Debug|x64 = Debug|x64
		Debug|x86 = Debug|x86
		Release|Any CPU = Release|Any CPU
		Release|ARM = Release|ARM
		Release|iPhone = Release|iPhone
		Release|iPhoneSimulator = Release|iPhoneSimulator
		Release|x64 = Release|x64
		Release|x86 = Release|x86
	EndGlobalSection
	GlobalSection(ProjectConfigurationPlatforms) = postSolution
		{246441E5-818C-489C-A069-89C59F5207C6}.Ad-Hoc|Any CPU.ActiveCfg = Release|Any CPU
		{246441E5-818C-489C-A069-89C59F5207C6}.Ad-Hoc|Any CPU.Build.0 = Release|Any CPU
		{246441E5-818C-489C-A069-89C59F5207C6}.Ad-Hoc|ARM.ActiveCfg = Release|Any CPU
		{246441E5-818C-489C-A069-89C59F5207C6}.Ad-Hoc|ARM.Build.0 = Release|Any CPU
		{246441E5-818C-489C-A069-89C59F5207C6}.Ad-Hoc|iPhone.ActiveCfg = Release|Any CPU
		{246441E5-818C-489C-A069-89C59F5207C6}.Ad-Hoc|iPhone.Build.0 = Release|Any CPU
		{246441E5-818C-489C-A069-89C59F5207C6}.Ad-Hoc|iPhoneSimulator.ActiveCfg = Release|Any CPU
		{246441E5-818C-489C-A069-89C59F5207C6}.Ad-Hoc|iPhoneSimulator.Build.0 = Release|Any CPU
		{246441E5-818C-489C-A069-89C59F5207C6}.Ad-Hoc|x64.ActiveCfg = Release|Any CPU
		{246441E5-818C-489C-A069-89C59F5207C6}.Ad-Hoc|x64.Build.0 = Release|Any CPU
		{246441E5-818C-489C-A069-89C59F5207C6}.Ad-Hoc|x86.ActiveCfg = Release|Any CPU
		{246441E5-818C-489C-A069-89C59F5207C6}.Ad-Hoc|x86.Build.0 = Release|Any CPU
		{246441E5-818C-489C-A069-89C59F5207C6}.AppStore|Any CPU.ActiveCfg = Release|Any CPU
		{246441E5-818C-489C-A069-89C59F5207C6}.AppStore|Any CPU.Build.0 = Release|Any CPU
		{246441E5-818C-489C-A069-89C59F5207C6}.AppStore|ARM.ActiveCfg = Release|Any CPU
		{246441E5-818C-489C-A069-89C59F5207C6}.AppStore|ARM.Build.0 = Release|Any CPU
		{246441E5-818C-489C-A069-89C59F5207C6}.AppStore|iPhone.ActiveCfg = Release|Any CPU
		{246441E5-818C-489C-A069-89C59F5207C6}.AppStore|iPhone.Build.0 = Release|Any CPU
		{246441E5-818C-489C-A069-89C59F5207C6}.AppStore|iPhoneSimulator.ActiveCfg = Release|Any CPU
		{246441E5-818C-489C-A069-89C59F5207C6}.AppStore|iPhoneSimulator.Build.0 = Release|Any CPU
		{246441E5-818C-489C-A069-89C59F5207C6}.AppStore|x64.ActiveCfg = Release|Any CPU
		{246441E5-818C-489C-A069-89C59F5207C6}.AppStore|x64.Build.0 = Release|Any CPU
		{246441E5-818C-489C-A069-89C59F5207C6}.AppStore|x86.ActiveCfg = Release|Any CPU
		{246441E5-818C-489C-A069-89C59F5207C6}.AppStore|x86.Build.0 = Release|Any CPU
		{246441E5-818C-489C-A069-89C59F5207C6}.Debug|Any CPU.ActiveCfg = Debug|Any CPU
		{246441E5-818C-489C-A069-89C59F5207C6}.Debug|Any CPU.Build.0 = Debug|Any CPU
		{246441E5-818C-489C-A069-89C59F5207C6}.Debug|ARM.ActiveCfg = Debug|Any CPU
		{246441E5-818C-489C-A069-89C59F5207C6}.Debug|ARM.Build.0 = Debug|Any CPU
		{246441E5-818C-489C-A069-89C59F5207C6}.Debug|iPhone.ActiveCfg = Debug|Any CPU
		{246441E5-818C-489C-A069-89C59F5207C6}.Debug|iPhone.Build.0 = Debug|Any CPU
		{246441E5-818C-489C-A069-89C59F5207C6}.Debug|iPhoneSimulator.ActiveCfg = Debug|Any CPU
		{246441E5-818C-489C-A069-89C59F5207C6}.Debug|iPhoneSimulator.Build.0 = Debug|Any CPU
		{246441E5-818C-489C-A069-89C59F5207C6}.Debug|x64.ActiveCfg = Debug|Any CPU
		{246441E5-818C-489C-A069-89C59F5207C6}.Debug|x64.Build.0 = Debug|Any CPU
		{246441E5-818C-489C-A069-89C59F5207C6}.Debug|x86.ActiveCfg = Debug|Any CPU
		{246441E5-818C-489C-A069-89C59F5207C6}.Debug|x86.Build.0 = Debug|Any CPU
		{246441E5-818C-489C-A069-89C59F5207C6}.Release|Any CPU.ActiveCfg = Release|Any CPU
		{246441E5-818C-489C-A069-89C59F5207C6}.Release|Any CPU.Build.0 = Release|Any CPU
		{246441E5-818C-489C-A069-89C59F5207C6}.Release|ARM.ActiveCfg = Release|Any CPU
		{246441E5-818C-489C-A069-89C59F5207C6}.Release|ARM.Build.0 = Release|Any CPU
		{246441E5-818C-489C-A069-89C59F5207C6}.Release|iPhone.ActiveCfg = Release|Any CPU
		{246441E5-818C-489C-A069-89C59F5207C6}.Release|iPhone.Build.0 = Release|Any CPU
		{246441E5-818C-489C-A069-89C59F5207C6}.Release|iPhoneSimulator.ActiveCfg = Release|Any CPU
		{246441E5-818C-489C-A069-89C59F5207C6}.Release|iPhoneSimulator.Build.0 = Release|Any CPU
		{246441E5-818C-489C-A069-89C59F5207C6}.Release|x64.ActiveCfg = Release|Any CPU
		{246441E5-818C-489C-A069-89C59F5207C6}.Release|x64.Build.0 = Release|Any CPU
		{246441E5-818C-489C-A069-89C59F5207C6}.Release|x86.ActiveCfg = Release|Any CPU
		{246441E5-818C-489C-A069-89C59F5207C6}.Release|x86.Build.0 = Release|Any CPU
		{8CD5361D-9669-4F29-9E20-B8823B91C1BE}.Ad-Hoc|Any CPU.ActiveCfg = Release|Any CPU
		{8CD5361D-9669-4F29-9E20-B8823B91C1BE}.Ad-Hoc|Any CPU.Build.0 = Release|Any CPU
		{8CD5361D-9669-4F29-9E20-B8823B91C1BE}.Ad-Hoc|Any CPU.Deploy.0 = Release|Any CPU
		{8CD5361D-9669-4F29-9E20-B8823B91C1BE}.Ad-Hoc|ARM.ActiveCfg = Release|Any CPU
		{8CD5361D-9669-4F29-9E20-B8823B91C1BE}.Ad-Hoc|ARM.Build.0 = Release|Any CPU
		{8CD5361D-9669-4F29-9E20-B8823B91C1BE}.Ad-Hoc|ARM.Deploy.0 = Release|Any CPU
		{8CD5361D-9669-4F29-9E20-B8823B91C1BE}.Ad-Hoc|iPhone.ActiveCfg = Release|Any CPU
		{8CD5361D-9669-4F29-9E20-B8823B91C1BE}.Ad-Hoc|iPhone.Build.0 = Release|Any CPU
		{8CD5361D-9669-4F29-9E20-B8823B91C1BE}.Ad-Hoc|iPhone.Deploy.0 = Release|Any CPU
		{8CD5361D-9669-4F29-9E20-B8823B91C1BE}.Ad-Hoc|iPhoneSimulator.ActiveCfg = Release|Any CPU
		{8CD5361D-9669-4F29-9E20-B8823B91C1BE}.Ad-Hoc|iPhoneSimulator.Build.0 = Release|Any CPU
		{8CD5361D-9669-4F29-9E20-B8823B91C1BE}.Ad-Hoc|iPhoneSimulator.Deploy.0 = Release|Any CPU
		{8CD5361D-9669-4F29-9E20-B8823B91C1BE}.Ad-Hoc|x64.ActiveCfg = Release|Any CPU
		{8CD5361D-9669-4F29-9E20-B8823B91C1BE}.Ad-Hoc|x64.Build.0 = Release|Any CPU
		{8CD5361D-9669-4F29-9E20-B8823B91C1BE}.Ad-Hoc|x64.Deploy.0 = Release|Any CPU
		{8CD5361D-9669-4F29-9E20-B8823B91C1BE}.Ad-Hoc|x86.ActiveCfg = Release|Any CPU
		{8CD5361D-9669-4F29-9E20-B8823B91C1BE}.Ad-Hoc|x86.Build.0 = Release|Any CPU
		{8CD5361D-9669-4F29-9E20-B8823B91C1BE}.Ad-Hoc|x86.Deploy.0 = Release|Any CPU
		{8CD5361D-9669-4F29-9E20-B8823B91C1BE}.AppStore|Any CPU.ActiveCfg = Release|Any CPU
		{8CD5361D-9669-4F29-9E20-B8823B91C1BE}.AppStore|Any CPU.Build.0 = Release|Any CPU
		{8CD5361D-9669-4F29-9E20-B8823B91C1BE}.AppStore|Any CPU.Deploy.0 = Release|Any CPU
		{8CD5361D-9669-4F29-9E20-B8823B91C1BE}.AppStore|ARM.ActiveCfg = Release|Any CPU
		{8CD5361D-9669-4F29-9E20-B8823B91C1BE}.AppStore|ARM.Build.0 = Release|Any CPU
		{8CD5361D-9669-4F29-9E20-B8823B91C1BE}.AppStore|ARM.Deploy.0 = Release|Any CPU
		{8CD5361D-9669-4F29-9E20-B8823B91C1BE}.AppStore|iPhone.ActiveCfg = Release|Any CPU
		{8CD5361D-9669-4F29-9E20-B8823B91C1BE}.AppStore|iPhone.Build.0 = Release|Any CPU
		{8CD5361D-9669-4F29-9E20-B8823B91C1BE}.AppStore|iPhone.Deploy.0 = Release|Any CPU
		{8CD5361D-9669-4F29-9E20-B8823B91C1BE}.AppStore|iPhoneSimulator.ActiveCfg = Release|Any CPU
		{8CD5361D-9669-4F29-9E20-B8823B91C1BE}.AppStore|iPhoneSimulator.Build.0 = Release|Any CPU
		{8CD5361D-9669-4F29-9E20-B8823B91C1BE}.AppStore|iPhoneSimulator.Deploy.0 = Release|Any CPU
		{8CD5361D-9669-4F29-9E20-B8823B91C1BE}.AppStore|x64.ActiveCfg = Release|Any CPU
		{8CD5361D-9669-4F29-9E20-B8823B91C1BE}.AppStore|x64.Build.0 = Release|Any CPU
		{8CD5361D-9669-4F29-9E20-B8823B91C1BE}.AppStore|x64.Deploy.0 = Release|Any CPU
		{8CD5361D-9669-4F29-9E20-B8823B91C1BE}.AppStore|x86.ActiveCfg = Release|Any CPU
		{8CD5361D-9669-4F29-9E20-B8823B91C1BE}.AppStore|x86.Build.0 = Release|Any CPU
		{8CD5361D-9669-4F29-9E20-B8823B91C1BE}.AppStore|x86.Deploy.0 = Release|Any CPU
		{8CD5361D-9669-4F29-9E20-B8823B91C1BE}.Debug|Any CPU.ActiveCfg = Debug|Any CPU
		{8CD5361D-9669-4F29-9E20-B8823B91C1BE}.Debug|Any CPU.Build.0 = Debug|Any CPU
		{8CD5361D-9669-4F29-9E20-B8823B91C1BE}.Debug|Any CPU.Deploy.0 = Debug|Any CPU
		{8CD5361D-9669-4F29-9E20-B8823B91C1BE}.Debug|ARM.ActiveCfg = Debug|Any CPU
		{8CD5361D-9669-4F29-9E20-B8823B91C1BE}.Debug|ARM.Build.0 = Debug|Any CPU
		{8CD5361D-9669-4F29-9E20-B8823B91C1BE}.Debug|ARM.Deploy.0 = Debug|Any CPU
		{8CD5361D-9669-4F29-9E20-B8823B91C1BE}.Debug|iPhone.ActiveCfg = Debug|Any CPU
		{8CD5361D-9669-4F29-9E20-B8823B91C1BE}.Debug|iPhone.Build.0 = Debug|Any CPU
		{8CD5361D-9669-4F29-9E20-B8823B91C1BE}.Debug|iPhone.Deploy.0 = Debug|Any CPU
		{8CD5361D-9669-4F29-9E20-B8823B91C1BE}.Debug|iPhoneSimulator.ActiveCfg = Debug|Any CPU
		{8CD5361D-9669-4F29-9E20-B8823B91C1BE}.Debug|iPhoneSimulator.Build.0 = Debug|Any CPU
		{8CD5361D-9669-4F29-9E20-B8823B91C1BE}.Debug|iPhoneSimulator.Deploy.0 = Debug|Any CPU
		{8CD5361D-9669-4F29-9E20-B8823B91C1BE}.Debug|x64.ActiveCfg = Debug|Any CPU
		{8CD5361D-9669-4F29-9E20-B8823B91C1BE}.Debug|x64.Build.0 = Debug|Any CPU
		{8CD5361D-9669-4F29-9E20-B8823B91C1BE}.Debug|x64.Deploy.0 = Debug|Any CPU
		{8CD5361D-9669-4F29-9E20-B8823B91C1BE}.Debug|x86.ActiveCfg = Debug|Any CPU
		{8CD5361D-9669-4F29-9E20-B8823B91C1BE}.Debug|x86.Build.0 = Debug|Any CPU
		{8CD5361D-9669-4F29-9E20-B8823B91C1BE}.Debug|x86.Deploy.0 = Debug|Any CPU
		{8CD5361D-9669-4F29-9E20-B8823B91C1BE}.Release|Any CPU.ActiveCfg = Release|Any CPU
		{8CD5361D-9669-4F29-9E20-B8823B91C1BE}.Release|Any CPU.Build.0 = Release|Any CPU
		{8CD5361D-9669-4F29-9E20-B8823B91C1BE}.Release|Any CPU.Deploy.0 = Release|Any CPU
		{8CD5361D-9669-4F29-9E20-B8823B91C1BE}.Release|ARM.ActiveCfg = Release|Any CPU
		{8CD5361D-9669-4F29-9E20-B8823B91C1BE}.Release|ARM.Build.0 = Release|Any CPU
		{8CD5361D-9669-4F29-9E20-B8823B91C1BE}.Release|ARM.Deploy.0 = Release|Any CPU
		{8CD5361D-9669-4F29-9E20-B8823B91C1BE}.Release|iPhone.ActiveCfg = Release|Any CPU
		{8CD5361D-9669-4F29-9E20-B8823B91C1BE}.Release|iPhone.Build.0 = Release|Any CPU
		{8CD5361D-9669-4F29-9E20-B8823B91C1BE}.Release|iPhone.Deploy.0 = Release|Any CPU
		{8CD5361D-9669-4F29-9E20-B8823B91C1BE}.Release|iPhoneSimulator.ActiveCfg = Release|Any CPU
		{8CD5361D-9669-4F29-9E20-B8823B91C1BE}.Release|iPhoneSimulator.Build.0 = Release|Any CPU
		{8CD5361D-9669-4F29-9E20-B8823B91C1BE}.Release|iPhoneSimulator.Deploy.0 = Release|Any CPU
		{8CD5361D-9669-4F29-9E20-B8823B91C1BE}.Release|x64.ActiveCfg = Release|Any CPU
		{8CD5361D-9669-4F29-9E20-B8823B91C1BE}.Release|x64.Build.0 = Release|Any CPU
		{8CD5361D-9669-4F29-9E20-B8823B91C1BE}.Release|x64.Deploy.0 = Release|Any CPU
		{8CD5361D-9669-4F29-9E20-B8823B91C1BE}.Release|x86.ActiveCfg = Release|Any CPU
		{8CD5361D-9669-4F29-9E20-B8823B91C1BE}.Release|x86.Build.0 = Release|Any CPU
		{8CD5361D-9669-4F29-9E20-B8823B91C1BE}.Release|x86.Deploy.0 = Release|Any CPU
		{BE023159-8D64-412A-87E6-9B8897B57516}.Ad-Hoc|Any CPU.ActiveCfg = Ad-Hoc|iPhone
		{BE023159-8D64-412A-87E6-9B8897B57516}.Ad-Hoc|ARM.ActiveCfg = Ad-Hoc|iPhone
		{BE023159-8D64-412A-87E6-9B8897B57516}.Ad-Hoc|iPhone.ActiveCfg = Ad-Hoc|iPhone
		{BE023159-8D64-412A-87E6-9B8897B57516}.Ad-Hoc|iPhone.Build.0 = Ad-Hoc|iPhone
		{BE023159-8D64-412A-87E6-9B8897B57516}.Ad-Hoc|iPhoneSimulator.ActiveCfg = Ad-Hoc|iPhoneSimulator
		{BE023159-8D64-412A-87E6-9B8897B57516}.Ad-Hoc|iPhoneSimulator.Build.0 = Ad-Hoc|iPhoneSimulator
		{BE023159-8D64-412A-87E6-9B8897B57516}.Ad-Hoc|x64.ActiveCfg = Ad-Hoc|iPhone
		{BE023159-8D64-412A-87E6-9B8897B57516}.Ad-Hoc|x86.ActiveCfg = Ad-Hoc|iPhone
		{BE023159-8D64-412A-87E6-9B8897B57516}.AppStore|Any CPU.ActiveCfg = AppStore|iPhone
		{BE023159-8D64-412A-87E6-9B8897B57516}.AppStore|ARM.ActiveCfg = AppStore|iPhone
		{BE023159-8D64-412A-87E6-9B8897B57516}.AppStore|iPhone.ActiveCfg = AppStore|iPhone
		{BE023159-8D64-412A-87E6-9B8897B57516}.AppStore|iPhone.Build.0 = AppStore|iPhone
		{BE023159-8D64-412A-87E6-9B8897B57516}.AppStore|iPhoneSimulator.ActiveCfg = AppStore|iPhoneSimulator
		{BE023159-8D64-412A-87E6-9B8897B57516}.AppStore|iPhoneSimulator.Build.0 = AppStore|iPhoneSimulator
		{BE023159-8D64-412A-87E6-9B8897B57516}.AppStore|x64.ActiveCfg = AppStore|iPhone
		{BE023159-8D64-412A-87E6-9B8897B57516}.AppStore|x86.ActiveCfg = AppStore|iPhone
		{BE023159-8D64-412A-87E6-9B8897B57516}.Debug|Any CPU.ActiveCfg = Debug|iPhone
		{BE023159-8D64-412A-87E6-9B8897B57516}.Debug|ARM.ActiveCfg = Debug|iPhone
		{BE023159-8D64-412A-87E6-9B8897B57516}.Debug|iPhone.ActiveCfg = Debug|iPhone
		{BE023159-8D64-412A-87E6-9B8897B57516}.Debug|iPhone.Build.0 = Debug|iPhone
		{BE023159-8D64-412A-87E6-9B8897B57516}.Debug|iPhoneSimulator.ActiveCfg = Debug|iPhoneSimulator
		{BE023159-8D64-412A-87E6-9B8897B57516}.Debug|iPhoneSimulator.Build.0 = Debug|iPhoneSimulator
		{BE023159-8D64-412A-87E6-9B8897B57516}.Debug|x64.ActiveCfg = Debug|iPhone
		{BE023159-8D64-412A-87E6-9B8897B57516}.Debug|x86.ActiveCfg = Debug|iPhone
		{BE023159-8D64-412A-87E6-9B8897B57516}.Release|Any CPU.ActiveCfg = Release|iPhone
		{BE023159-8D64-412A-87E6-9B8897B57516}.Release|ARM.ActiveCfg = Release|iPhone
		{BE023159-8D64-412A-87E6-9B8897B57516}.Release|iPhone.ActiveCfg = Release|iPhone
		{BE023159-8D64-412A-87E6-9B8897B57516}.Release|iPhone.Build.0 = Release|iPhone
		{BE023159-8D64-412A-87E6-9B8897B57516}.Release|iPhoneSimulator.ActiveCfg = Release|iPhoneSimulator
		{BE023159-8D64-412A-87E6-9B8897B57516}.Release|iPhoneSimulator.Build.0 = Release|iPhoneSimulator
		{BE023159-8D64-412A-87E6-9B8897B57516}.Release|x64.ActiveCfg = Release|iPhone
		{BE023159-8D64-412A-87E6-9B8897B57516}.Release|x86.ActiveCfg = Release|iPhone
		{D40909EB-E84F-4CAD-8667-1ADD69BF50FE}.Ad-Hoc|Any CPU.ActiveCfg = Release|x86
		{D40909EB-E84F-4CAD-8667-1ADD69BF50FE}.Ad-Hoc|Any CPU.Build.0 = Release|x86
		{D40909EB-E84F-4CAD-8667-1ADD69BF50FE}.Ad-Hoc|Any CPU.Deploy.0 = Release|x86
		{D40909EB-E84F-4CAD-8667-1ADD69BF50FE}.Ad-Hoc|ARM.ActiveCfg = Release|ARM
		{D40909EB-E84F-4CAD-8667-1ADD69BF50FE}.Ad-Hoc|ARM.Build.0 = Release|ARM
		{D40909EB-E84F-4CAD-8667-1ADD69BF50FE}.Ad-Hoc|ARM.Deploy.0 = Release|ARM
		{D40909EB-E84F-4CAD-8667-1ADD69BF50FE}.Ad-Hoc|iPhone.ActiveCfg = Release|x86
		{D40909EB-E84F-4CAD-8667-1ADD69BF50FE}.Ad-Hoc|iPhone.Build.0 = Release|x86
		{D40909EB-E84F-4CAD-8667-1ADD69BF50FE}.Ad-Hoc|iPhone.Deploy.0 = Release|x86
		{D40909EB-E84F-4CAD-8667-1ADD69BF50FE}.Ad-Hoc|iPhoneSimulator.ActiveCfg = Release|x86
		{D40909EB-E84F-4CAD-8667-1ADD69BF50FE}.Ad-Hoc|iPhoneSimulator.Build.0 = Release|x86
		{D40909EB-E84F-4CAD-8667-1ADD69BF50FE}.Ad-Hoc|iPhoneSimulator.Deploy.0 = Release|x86
		{D40909EB-E84F-4CAD-8667-1ADD69BF50FE}.Ad-Hoc|x64.ActiveCfg = Release|x64
		{D40909EB-E84F-4CAD-8667-1ADD69BF50FE}.Ad-Hoc|x64.Build.0 = Release|x64
		{D40909EB-E84F-4CAD-8667-1ADD69BF50FE}.Ad-Hoc|x64.Deploy.0 = Release|x64
		{D40909EB-E84F-4CAD-8667-1ADD69BF50FE}.Ad-Hoc|x86.ActiveCfg = Release|x86
		{D40909EB-E84F-4CAD-8667-1ADD69BF50FE}.Ad-Hoc|x86.Build.0 = Release|x86
		{D40909EB-E84F-4CAD-8667-1ADD69BF50FE}.Ad-Hoc|x86.Deploy.0 = Release|x86
		{D40909EB-E84F-4CAD-8667-1ADD69BF50FE}.AppStore|Any CPU.ActiveCfg = Release|x86
		{D40909EB-E84F-4CAD-8667-1ADD69BF50FE}.AppStore|Any CPU.Build.0 = Release|x86
		{D40909EB-E84F-4CAD-8667-1ADD69BF50FE}.AppStore|Any CPU.Deploy.0 = Release|x86
		{D40909EB-E84F-4CAD-8667-1ADD69BF50FE}.AppStore|ARM.ActiveCfg = Release|ARM
		{D40909EB-E84F-4CAD-8667-1ADD69BF50FE}.AppStore|ARM.Build.0 = Release|ARM
		{D40909EB-E84F-4CAD-8667-1ADD69BF50FE}.AppStore|ARM.Deploy.0 = Release|ARM
		{D40909EB-E84F-4CAD-8667-1ADD69BF50FE}.AppStore|iPhone.ActiveCfg = Release|x86
		{D40909EB-E84F-4CAD-8667-1ADD69BF50FE}.AppStore|iPhone.Build.0 = Release|x86
		{D40909EB-E84F-4CAD-8667-1ADD69BF50FE}.AppStore|iPhone.Deploy.0 = Release|x86
		{D40909EB-E84F-4CAD-8667-1ADD69BF50FE}.AppStore|iPhoneSimulator.ActiveCfg = Release|x86
		{D40909EB-E84F-4CAD-8667-1ADD69BF50FE}.AppStore|iPhoneSimulator.Build.0 = Release|x86
		{D40909EB-E84F-4CAD-8667-1ADD69BF50FE}.AppStore|iPhoneSimulator.Deploy.0 = Release|x86
		{D40909EB-E84F-4CAD-8667-1ADD69BF50FE}.AppStore|x64.ActiveCfg = Release|x64
		{D40909EB-E84F-4CAD-8667-1ADD69BF50FE}.AppStore|x64.Build.0 = Release|x64
		{D40909EB-E84F-4CAD-8667-1ADD69BF50FE}.AppStore|x64.Deploy.0 = Release|x64
		{D40909EB-E84F-4CAD-8667-1ADD69BF50FE}.AppStore|x86.ActiveCfg = Release|x86
		{D40909EB-E84F-4CAD-8667-1ADD69BF50FE}.AppStore|x86.Build.0 = Release|x86
		{D40909EB-E84F-4CAD-8667-1ADD69BF50FE}.AppStore|x86.Deploy.0 = Release|x86
		{D40909EB-E84F-4CAD-8667-1ADD69BF50FE}.Debug|Any CPU.ActiveCfg = Debug|x86
		{D40909EB-E84F-4CAD-8667-1ADD69BF50FE}.Debug|Any CPU.Build.0 = Debug|x86
		{D40909EB-E84F-4CAD-8667-1ADD69BF50FE}.Debug|Any CPU.Deploy.0 = Debug|x86
		{D40909EB-E84F-4CAD-8667-1ADD69BF50FE}.Debug|ARM.ActiveCfg = Debug|ARM
		{D40909EB-E84F-4CAD-8667-1ADD69BF50FE}.Debug|ARM.Build.0 = Debug|ARM
		{D40909EB-E84F-4CAD-8667-1ADD69BF50FE}.Debug|ARM.Deploy.0 = Debug|ARM
		{D40909EB-E84F-4CAD-8667-1ADD69BF50FE}.Debug|iPhone.ActiveCfg = Debug|x86
		{D40909EB-E84F-4CAD-8667-1ADD69BF50FE}.Debug|iPhoneSimulator.ActiveCfg = Debug|x86
		{D40909EB-E84F-4CAD-8667-1ADD69BF50FE}.Debug|x64.ActiveCfg = Debug|x64
		{D40909EB-E84F-4CAD-8667-1ADD69BF50FE}.Debug|x64.Build.0 = Debug|x64
		{D40909EB-E84F-4CAD-8667-1ADD69BF50FE}.Debug|x64.Deploy.0 = Debug|x64
		{D40909EB-E84F-4CAD-8667-1ADD69BF50FE}.Debug|x86.ActiveCfg = Debug|x86
		{D40909EB-E84F-4CAD-8667-1ADD69BF50FE}.Debug|x86.Build.0 = Debug|x86
		{D40909EB-E84F-4CAD-8667-1ADD69BF50FE}.Debug|x86.Deploy.0 = Debug|x86
		{D40909EB-E84F-4CAD-8667-1ADD69BF50FE}.Release|Any CPU.ActiveCfg = Release|x86
		{D40909EB-E84F-4CAD-8667-1ADD69BF50FE}.Release|ARM.ActiveCfg = Release|ARM
		{D40909EB-E84F-4CAD-8667-1ADD69BF50FE}.Release|ARM.Build.0 = Release|ARM
		{D40909EB-E84F-4CAD-8667-1ADD69BF50FE}.Release|ARM.Deploy.0 = Release|ARM
		{D40909EB-E84F-4CAD-8667-1ADD69BF50FE}.Release|iPhone.ActiveCfg = Release|x86
		{D40909EB-E84F-4CAD-8667-1ADD69BF50FE}.Release|iPhoneSimulator.ActiveCfg = Release|x86
		{D40909EB-E84F-4CAD-8667-1ADD69BF50FE}.Release|x64.ActiveCfg = Release|x64
		{D40909EB-E84F-4CAD-8667-1ADD69BF50FE}.Release|x64.Build.0 = Release|x64
		{D40909EB-E84F-4CAD-8667-1ADD69BF50FE}.Release|x64.Deploy.0 = Release|x64
		{D40909EB-E84F-4CAD-8667-1ADD69BF50FE}.Release|x86.ActiveCfg = Release|x86
		{D40909EB-E84F-4CAD-8667-1ADD69BF50FE}.Release|x86.Build.0 = Release|x86
		{D40909EB-E84F-4CAD-8667-1ADD69BF50FE}.Release|x86.Deploy.0 = Release|x86
	EndGlobalSection
	GlobalSection(SolutionProperties) = preSolution
		HideSolutionNode = FALSE
	EndGlobalSection
EndGlobal
